// !$*UTF8*$!
{
	archiveVersion = 1;
	classes = {
	};
	objectVersion = 50;
	objects = {

/* Begin PBXBuildFile section */
		33CB471722D7CD9B004E9A2F /* AppDelegate.swift in Sources */ = {isa = PBXBuildFile; fileRef = 33CB471622D7CD9B004E9A2F /* AppDelegate.swift */; };
		33CB471922D7CD9B004E9A2F /* ViewController.swift in Sources */ = {isa = PBXBuildFile; fileRef = 33CB471822D7CD9B004E9A2F /* ViewController.swift */; };
		33CB471C22D7CD9B004E9A2F /* Main.storyboard in Resources */ = {isa = PBXBuildFile; fileRef = 33CB471A22D7CD9B004E9A2F /* Main.storyboard */; };
		33CB471F22D7CD9B004E9A2F /* Emojinal.xcdatamodeld in Sources */ = {isa = PBXBuildFile; fileRef = 33CB471D22D7CD9B004E9A2F /* Emojinal.xcdatamodeld */; };
		33CB472122D7CD9B004E9A2F /* Assets.xcassets in Resources */ = {isa = PBXBuildFile; fileRef = 33CB472022D7CD9B004E9A2F /* Assets.xcassets */; };
		33CB472422D7CD9B004E9A2F /* LaunchScreen.storyboard in Resources */ = {isa = PBXBuildFile; fileRef = 33CB472222D7CD9B004E9A2F /* LaunchScreen.storyboard */; };
		33CB472F22D7CD9B004E9A2F /* EmojinalTests.swift in Sources */ = {isa = PBXBuildFile; fileRef = 33CB472E22D7CD9B004E9A2F /* EmojinalTests.swift */; };
		33CB473A22D7CD9B004E9A2F /* EmojinalUITests.swift in Sources */ = {isa = PBXBuildFile; fileRef = 33CB473922D7CD9B004E9A2F /* EmojinalUITests.swift */; };
/* End PBXBuildFile section */

/* Begin PBXContainerItemProxy section */
		33CB472B22D7CD9B004E9A2F /* PBXContainerItemProxy */ = {
			isa = PBXContainerItemProxy;
			containerPortal = 33CB470B22D7CD9B004E9A2F /* Project object */;
			proxyType = 1;
			remoteGlobalIDString = 33CB471222D7CD9B004E9A2F;
			remoteInfo = Emojinal;
		};
		33CB473622D7CD9B004E9A2F /* PBXContainerItemProxy */ = {
			isa = PBXContainerItemProxy;
			containerPortal = 33CB470B22D7CD9B004E9A2F /* Project object */;
			proxyType = 1;
			remoteGlobalIDString = 33CB471222D7CD9B004E9A2F;
			remoteInfo = Emojinal;
		};
/* End PBXContainerItemProxy section */

/* Begin PBXFileReference section */
		33CB471322D7CD9B004E9A2F /* Emojinal.app */ = {isa = PBXFileReference; explicitFileType = wrapper.application; includeInIndex = 0; path = Emojinal.app; sourceTree = BUILT_PRODUCTS_DIR; };
		33CB471622D7CD9B004E9A2F /* AppDelegate.swift */ = {isa = PBXFileReference; lastKnownFileType = sourcecode.swift; path = AppDelegate.swift; sourceTree = "<group>"; };
		33CB471822D7CD9B004E9A2F /* ViewController.swift */ = {isa = PBXFileReference; lastKnownFileType = sourcecode.swift; path = ViewController.swift; sourceTree = "<group>"; };
		33CB471B22D7CD9B004E9A2F /* Base */ = {isa = PBXFileReference; lastKnownFileType = file.storyboard; name = Base; path = Base.lproj/Main.storyboard; sourceTree = "<group>"; };
		33CB471E22D7CD9B004E9A2F /* Emojinal.xcdatamodel */ = {isa = PBXFileReference; lastKnownFileType = wrapper.xcdatamodel; path = Emojinal.xcdatamodel; sourceTree = "<group>"; };
		33CB472022D7CD9B004E9A2F /* Assets.xcassets */ = {isa = PBXFileReference; lastKnownFileType = folder.assetcatalog; path = Assets.xcassets; sourceTree = "<group>"; };
		33CB472322D7CD9B004E9A2F /* Base */ = {isa = PBXFileReference; lastKnownFileType = file.storyboard; name = Base; path = Base.lproj/LaunchScreen.storyboard; sourceTree = "<group>"; };
		33CB472522D7CD9B004E9A2F /* Info.plist */ = {isa = PBXFileReference; lastKnownFileType = text.plist.xml; path = Info.plist; sourceTree = "<group>"; };
		33CB472A22D7CD9B004E9A2F /* EmojinalTests.xctest */ = {isa = PBXFileReference; explicitFileType = wrapper.cfbundle; includeInIndex = 0; path = EmojinalTests.xctest; sourceTree = BUILT_PRODUCTS_DIR; };
		33CB472E22D7CD9B004E9A2F /* EmojinalTests.swift */ = {isa = PBXFileReference; lastKnownFileType = sourcecode.swift; path = EmojinalTests.swift; sourceTree = "<group>"; };
		33CB473022D7CD9B004E9A2F /* Info.plist */ = {isa = PBXFileReference; lastKnownFileType = text.plist.xml; path = Info.plist; sourceTree = "<group>"; };
		33CB473522D7CD9B004E9A2F /* EmojinalUITests.xctest */ = {isa = PBXFileReference; explicitFileType = wrapper.cfbundle; includeInIndex = 0; path = EmojinalUITests.xctest; sourceTree = BUILT_PRODUCTS_DIR; };
		33CB473922D7CD9B004E9A2F /* EmojinalUITests.swift */ = {isa = PBXFileReference; lastKnownFileType = sourcecode.swift; path = EmojinalUITests.swift; sourceTree = "<group>"; };
		33CB473B22D7CD9B004E9A2F /* Info.plist */ = {isa = PBXFileReference; lastKnownFileType = text.plist.xml; path = Info.plist; sourceTree = "<group>"; };
/* End PBXFileReference section */

/* Begin PBXFrameworksBuildPhase section */
		33CB471022D7CD9B004E9A2F /* Frameworks */ = {
			isa = PBXFrameworksBuildPhase;
			buildActionMask = 2147483647;
			files = (
			);
			runOnlyForDeploymentPostprocessing = 0;
		};
		33CB472722D7CD9B004E9A2F /* Frameworks */ = {
			isa = PBXFrameworksBuildPhase;
			buildActionMask = 2147483647;
			files = (
			);
			runOnlyForDeploymentPostprocessing = 0;
		};
		33CB473222D7CD9B004E9A2F /* Frameworks */ = {
			isa = PBXFrameworksBuildPhase;
			buildActionMask = 2147483647;
			files = (
			);
			runOnlyForDeploymentPostprocessing = 0;
		};
/* End PBXFrameworksBuildPhase section */

/* Begin PBXGroup section */
		33CB470A22D7CD9B004E9A2F = {
			isa = PBXGroup;
			children = (
				33CB471522D7CD9B004E9A2F /* Emojinal */,
				33CB472D22D7CD9B004E9A2F /* EmojinalTests */,
				33CB473822D7CD9B004E9A2F /* EmojinalUITests */,
				33CB471422D7CD9B004E9A2F /* Products */,
			);
			sourceTree = "<group>";
		};
		33CB471422D7CD9B004E9A2F /* Products */ = {
			isa = PBXGroup;
			children = (
				33CB471322D7CD9B004E9A2F /* Emojinal.app */,
				33CB472A22D7CD9B004E9A2F /* EmojinalTests.xctest */,
				33CB473522D7CD9B004E9A2F /* EmojinalUITests.xctest */,
			);
			name = Products;
			sourceTree = "<group>";
		};
		33CB471522D7CD9B004E9A2F /* Emojinal */ = {
			isa = PBXGroup;
			children = (
				33CB471622D7CD9B004E9A2F /* AppDelegate.swift */,
				33CB471822D7CD9B004E9A2F /* ViewController.swift */,
				33CB471A22D7CD9B004E9A2F /* Main.storyboard */,
				33CB472022D7CD9B004E9A2F /* Assets.xcassets */,
				33CB472222D7CD9B004E9A2F /* LaunchScreen.storyboard */,
				33CB472522D7CD9B004E9A2F /* Info.plist */,
				33CB471D22D7CD9B004E9A2F /* Emojinal.xcdatamodeld */,
			);
			path = Emojinal;
			sourceTree = "<group>";
		};
		33CB472D22D7CD9B004E9A2F /* EmojinalTests */ = {
			isa = PBXGroup;
			children = (
				33CB472E22D7CD9B004E9A2F /* EmojinalTests.swift */,
				33CB473022D7CD9B004E9A2F /* Info.plist */,
			);
			path = EmojinalTests;
			sourceTree = "<group>";
		};
		33CB473822D7CD9B004E9A2F /* EmojinalUITests */ = {
			isa = PBXGroup;
			children = (
				33CB473922D7CD9B004E9A2F /* EmojinalUITests.swift */,
				33CB473B22D7CD9B004E9A2F /* Info.plist */,
			);
			path = EmojinalUITests;
			sourceTree = "<group>";
		};
/* End PBXGroup section */

/* Begin PBXNativeTarget section */
		33CB471222D7CD9B004E9A2F /* Emojinal */ = {
			isa = PBXNativeTarget;
			buildConfigurationList = 33CB473E22D7CD9B004E9A2F /* Build configuration list for PBXNativeTarget "Emojinal" */;
			buildPhases = (
				33CB470F22D7CD9B004E9A2F /* Sources */,
				33CB471022D7CD9B004E9A2F /* Frameworks */,
				33CB471122D7CD9B004E9A2F /* Resources */,
			);
			buildRules = (
			);
			dependencies = (
			);
			name = Emojinal;
			productName = Emojinal;
			productReference = 33CB471322D7CD9B004E9A2F /* Emojinal.app */;
			productType = "com.apple.product-type.application";
		};
		33CB472922D7CD9B004E9A2F /* EmojinalTests */ = {
			isa = PBXNativeTarget;
			buildConfigurationList = 33CB474122D7CD9B004E9A2F /* Build configuration list for PBXNativeTarget "EmojinalTests" */;
			buildPhases = (
				33CB472622D7CD9B004E9A2F /* Sources */,
				33CB472722D7CD9B004E9A2F /* Frameworks */,
				33CB472822D7CD9B004E9A2F /* Resources */,
			);
			buildRules = (
			);
			dependencies = (
				33CB472C22D7CD9B004E9A2F /* PBXTargetDependency */,
			);
			name = EmojinalTests;
			productName = EmojinalTests;
			productReference = 33CB472A22D7CD9B004E9A2F /* EmojinalTests.xctest */;
			productType = "com.apple.product-type.bundle.unit-test";
		};
		33CB473422D7CD9B004E9A2F /* EmojinalUITests */ = {
			isa = PBXNativeTarget;
			buildConfigurationList = 33CB474422D7CD9B004E9A2F /* Build configuration list for PBXNativeTarget "EmojinalUITests" */;
			buildPhases = (
				33CB473122D7CD9B004E9A2F /* Sources */,
				33CB473222D7CD9B004E9A2F /* Frameworks */,
				33CB473322D7CD9B004E9A2F /* Resources */,
			);
			buildRules = (
			);
			dependencies = (
				33CB473722D7CD9B004E9A2F /* PBXTargetDependency */,
			);
			name = EmojinalUITests;
			productName = EmojinalUITests;
			productReference = 33CB473522D7CD9B004E9A2F /* EmojinalUITests.xctest */;
			productType = "com.apple.product-type.bundle.ui-testing";
		};
/* End PBXNativeTarget section */

/* Begin PBXProject section */
		33CB470B22D7CD9B004E9A2F /* Project object */ = {
			isa = PBXProject;
			attributes = {
				LastSwiftUpdateCheck = 1020;
				LastUpgradeCheck = 1020;
				ORGANIZATIONNAME = "Maeve Thompson";
				TargetAttributes = {
					33CB471222D7CD9B004E9A2F = {
						CreatedOnToolsVersion = 10.2.1;
					};
					33CB472922D7CD9B004E9A2F = {
						CreatedOnToolsVersion = 10.2.1;
						TestTargetID = 33CB471222D7CD9B004E9A2F;
					};
					33CB473422D7CD9B004E9A2F = {
						CreatedOnToolsVersion = 10.2.1;
						TestTargetID = 33CB471222D7CD9B004E9A2F;
					};
				};
			};
			buildConfigurationList = 33CB470E22D7CD9B004E9A2F /* Build configuration list for PBXProject "Emojinal" */;
			compatibilityVersion = "Xcode 9.3";
			developmentRegion = en;
			hasScannedForEncodings = 0;
			knownRegions = (
				en,
				Base,
			);
			mainGroup = 33CB470A22D7CD9B004E9A2F;
			productRefGroup = 33CB471422D7CD9B004E9A2F /* Products */;
			projectDirPath = "";
			projectRoot = "";
			targets = (
				33CB471222D7CD9B004E9A2F /* Emojinal */,
				33CB472922D7CD9B004E9A2F /* EmojinalTests */,
				33CB473422D7CD9B004E9A2F /* EmojinalUITests */,
			);
		};
/* End PBXProject section */

/* Begin PBXResourcesBuildPhase section */
		33CB471122D7CD9B004E9A2F /* Resources */ = {
			isa = PBXResourcesBuildPhase;
			buildActionMask = 2147483647;
			files = (
				33CB472422D7CD9B004E9A2F /* LaunchScreen.storyboard in Resources */,
				33CB472122D7CD9B004E9A2F /* Assets.xcassets in Resources */,
				33CB471C22D7CD9B004E9A2F /* Main.storyboard in Resources */,
			);
			runOnlyForDeploymentPostprocessing = 0;
		};
		33CB472822D7CD9B004E9A2F /* Resources */ = {
			isa = PBXResourcesBuildPhase;
			buildActionMask = 2147483647;
			files = (
			);
			runOnlyForDeploymentPostprocessing = 0;
		};
		33CB473322D7CD9B004E9A2F /* Resources */ = {
			isa = PBXResourcesBuildPhase;
			buildActionMask = 2147483647;
			files = (
			);
			runOnlyForDeploymentPostprocessing = 0;
		};
/* End PBXResourcesBuildPhase section */

/* Begin PBXSourcesBuildPhase section */
		33CB470F22D7CD9B004E9A2F /* Sources */ = {
			isa = PBXSourcesBuildPhase;
			buildActionMask = 2147483647;
			files = (
				33CB471922D7CD9B004E9A2F /* ViewController.swift in Sources */,
				33CB471722D7CD9B004E9A2F /* AppDelegate.swift in Sources */,
				33CB471F22D7CD9B004E9A2F /* Emojinal.xcdatamodeld in Sources */,
			);
			runOnlyForDeploymentPostprocessing = 0;
		};
		33CB472622D7CD9B004E9A2F /* Sources */ = {
			isa = PBXSourcesBuildPhase;
			buildActionMask = 2147483647;
			files = (
				33CB472F22D7CD9B004E9A2F /* EmojinalTests.swift in Sources */,
			);
			runOnlyForDeploymentPostprocessing = 0;
		};
		33CB473122D7CD9B004E9A2F /* Sources */ = {
			isa = PBXSourcesBuildPhase;
			buildActionMask = 2147483647;
			files = (
				33CB473A22D7CD9B004E9A2F /* EmojinalUITests.swift in Sources */,
			);
			runOnlyForDeploymentPostprocessing = 0;
		};
/* End PBXSourcesBuildPhase section */

/* Begin PBXTargetDependency section */
		33CB472C22D7CD9B004E9A2F /* PBXTargetDependency */ = {
			isa = PBXTargetDependency;
			target = 33CB471222D7CD9B004E9A2F /* Emojinal */;
			targetProxy = 33CB472B22D7CD9B004E9A2F /* PBXContainerItemProxy */;
		};
		33CB473722D7CD9B004E9A2F /* PBXTargetDependency */ = {
			isa = PBXTargetDependency;
			target = 33CB471222D7CD9B004E9A2F /* Emojinal */;
			targetProxy = 33CB473622D7CD9B004E9A2F /* PBXContainerItemProxy */;
		};
/* End PBXTargetDependency section */

/* Begin PBXVariantGroup section */
		33CB471A22D7CD9B004E9A2F /* Main.storyboard */ = {
			isa = PBXVariantGroup;
			children = (
				33CB471B22D7CD9B004E9A2F /* Base */,
			);
			name = Main.storyboard;
			sourceTree = "<group>";
		};
		33CB472222D7CD9B004E9A2F /* LaunchScreen.storyboard */ = {
			isa = PBXVariantGroup;
			children = (
				33CB472322D7CD9B004E9A2F /* Base */,
			);
			name = LaunchScreen.storyboard;
			sourceTree = "<group>";
		};
/* End PBXVariantGroup section */

/* Begin XCBuildConfiguration section */
		33CB473C22D7CD9B004E9A2F /* Debug */ = {
			isa = XCBuildConfiguration;
			buildSettings = {
				ALWAYS_SEARCH_USER_PATHS = NO;
				CLANG_ANALYZER_NONNULL = YES;
				CLANG_ANALYZER_NUMBER_OBJECT_CONVERSION = YES_AGGRESSIVE;
				CLANG_CXX_LANGUAGE_STANDARD = "gnu++14";
				CLANG_CXX_LIBRARY = "libc++";
				CLANG_ENABLE_MODULES = YES;
				CLANG_ENABLE_OBJC_ARC = YES;
				CLANG_ENABLE_OBJC_WEAK = YES;
				CLANG_WARN_BLOCK_CAPTURE_AUTORELEASING = YES;
				CLANG_WARN_BOOL_CONVERSION = YES;
				CLANG_WARN_COMMA = YES;
				CLANG_WARN_CONSTANT_CONVERSION = YES;
				CLANG_WARN_DEPRECATED_OBJC_IMPLEMENTATIONS = YES;
				CLANG_WARN_DIRECT_OBJC_ISA_USAGE = YES_ERROR;
				CLANG_WARN_DOCUMENTATION_COMMENTS = YES;
				CLANG_WARN_EMPTY_BODY = YES;
				CLANG_WARN_ENUM_CONVERSION = YES;
				CLANG_WARN_INFINITE_RECURSION = YES;
				CLANG_WARN_INT_CONVERSION = YES;
				CLANG_WARN_NON_LITERAL_NULL_CONVERSION = YES;
				CLANG_WARN_OBJC_IMPLICIT_RETAIN_SELF = YES;
				CLANG_WARN_OBJC_LITERAL_CONVERSION = YES;
				CLANG_WARN_OBJC_ROOT_CLASS = YES_ERROR;
				CLANG_WARN_RANGE_LOOP_ANALYSIS = YES;
				CLANG_WARN_STRICT_PROTOTYPES = YES;
				CLANG_WARN_SUSPICIOUS_MOVE = YES;
				CLANG_WARN_UNGUARDED_AVAILABILITY = YES_AGGRESSIVE;
				CLANG_WARN_UNREACHABLE_CODE = YES;
				CLANG_WARN__DUPLICATE_METHOD_MATCH = YES;
				CODE_SIGN_IDENTITY = "iPhone Developer";
				COPY_PHASE_STRIP = NO;
				DEBUG_INFORMATION_FORMAT = dwarf;
				ENABLE_STRICT_OBJC_MSGSEND = YES;
				ENABLE_TESTABILITY = YES;
				GCC_C_LANGUAGE_STANDARD = gnu11;
				GCC_DYNAMIC_NO_PIC = NO;
				GCC_NO_COMMON_BLOCKS = YES;
				GCC_OPTIMIZATION_LEVEL = 0;
				GCC_PREPROCESSOR_DEFINITIONS = (
					"DEBUG=1",
					"$(inherited)",
				);
				GCC_WARN_64_TO_32_BIT_CONVERSION = YES;
				GCC_WARN_ABOUT_RETURN_TYPE = YES_ERROR;
				GCC_WARN_UNDECLARED_SELECTOR = YES;
				GCC_WARN_UNINITIALIZED_AUTOS = YES_AGGRESSIVE;
				GCC_WARN_UNUSED_FUNCTION = YES;
				GCC_WARN_UNUSED_VARIABLE = YES;
				IPHONEOS_DEPLOYMENT_TARGET = 12.2;
				MTL_ENABLE_DEBUG_INFO = INCLUDE_SOURCE;
				MTL_FAST_MATH = YES;
				ONLY_ACTIVE_ARCH = YES;
				SDKROOT = iphoneos;
				SWIFT_ACTIVE_COMPILATION_CONDITIONS = DEBUG;
				SWIFT_OPTIMIZATION_LEVEL = "-Onone";
			};
			name = Debug;
		};
		33CB473D22D7CD9B004E9A2F /* Release */ = {
			isa = XCBuildConfiguration;
			buildSettings = {
				ALWAYS_SEARCH_USER_PATHS = NO;
				CLANG_ANALYZER_NONNULL = YES;
				CLANG_ANALYZER_NUMBER_OBJECT_CONVERSION = YES_AGGRESSIVE;
				CLANG_CXX_LANGUAGE_STANDARD = "gnu++14";
				CLANG_CXX_LIBRARY = "libc++";
				CLANG_ENABLE_MODULES = YES;
				CLANG_ENABLE_OBJC_ARC = YES;
				CLANG_ENABLE_OBJC_WEAK = YES;
				CLANG_WARN_BLOCK_CAPTURE_AUTORELEASING = YES;
				CLANG_WARN_BOOL_CONVERSION = YES;
				CLANG_WARN_COMMA = YES;
				CLANG_WARN_CONSTANT_CONVERSION = YES;
				CLANG_WARN_DEPRECATED_OBJC_IMPLEMENTATIONS = YES;
				CLANG_WARN_DIRECT_OBJC_ISA_USAGE = YES_ERROR;
				CLANG_WARN_DOCUMENTATION_COMMENTS = YES;
				CLANG_WARN_EMPTY_BODY = YES;
				CLANG_WARN_ENUM_CONVERSION = YES;
				CLANG_WARN_INFINITE_RECURSION = YES;
				CLANG_WARN_INT_CONVERSION = YES;
				CLANG_WARN_NON_LITERAL_NULL_CONVERSION = YES;
				CLANG_WARN_OBJC_IMPLICIT_RETAIN_SELF = YES;
				CLANG_WARN_OBJC_LITERAL_CONVERSION = YES;
				CLANG_WARN_OBJC_ROOT_CLASS = YES_ERROR;
				CLANG_WARN_RANGE_LOOP_ANALYSIS = YES;
				CLANG_WARN_STRICT_PROTOTYPES = YES;
				CLANG_WARN_SUSPICIOUS_MOVE = YES;
				CLANG_WARN_UNGUARDED_AVAILABILITY = YES_AGGRESSIVE;
				CLANG_WARN_UNREACHABLE_CODE = YES;
				CLANG_WARN__DUPLICATE_METHOD_MATCH = YES;
				CODE_SIGN_IDENTITY = "iPhone Developer";
				COPY_PHASE_STRIP = NO;
				DEBUG_INFORMATION_FORMAT = "dwarf-with-dsym";
				ENABLE_NS_ASSERTIONS = NO;
				ENABLE_STRICT_OBJC_MSGSEND = YES;
				GCC_C_LANGUAGE_STANDARD = gnu11;
				GCC_NO_COMMON_BLOCKS = YES;
				GCC_WARN_64_TO_32_BIT_CONVERSION = YES;
				GCC_WARN_ABOUT_RETURN_TYPE = YES_ERROR;
				GCC_WARN_UNDECLARED_SELECTOR = YES;
				GCC_WARN_UNINITIALIZED_AUTOS = YES_AGGRESSIVE;
				GCC_WARN_UNUSED_FUNCTION = YES;
				GCC_WARN_UNUSED_VARIABLE = YES;
				IPHONEOS_DEPLOYMENT_TARGET = 12.2;
				MTL_ENABLE_DEBUG_INFO = NO;
				MTL_FAST_MATH = YES;
				SDKROOT = iphoneos;
				SWIFT_COMPILATION_MODE = wholemodule;
				SWIFT_OPTIMIZATION_LEVEL = "-O";
				VALIDATE_PRODUCT = YES;
			};
			name = Release;
		};
		33CB473F22D7CD9B004E9A2F /* Debug */ = {
			isa = XCBuildConfiguration;
			buildSettings = {
				ASSETCATALOG_COMPILER_APPICON_NAME = AppIcon;
				CODE_SIGN_STYLE = Automatic;
				DEVELOPMENT_TEAM = 6UHRW3D44Z;
				INFOPLIST_FILE = Emojinal/Info.plist;
				LD_RUNPATH_SEARCH_PATHS = (
					"$(inherited)",
					"@executable_path/Frameworks",
				);
				PRODUCT_BUNDLE_IDENTIFIER = KWK.Emojinal;
				PRODUCT_NAME = "$(TARGET_NAME)";
				SWIFT_VERSION = 5.0;
				TARGETED_DEVICE_FAMILY = "1,2";
			};
			name = Debug;
		};
		33CB474022D7CD9B004E9A2F /* Release */ = {
			isa = XCBuildConfiguration;
			buildSettings = {
				ASSETCATALOG_COMPILER_APPICON_NAME = AppIcon;
				CODE_SIGN_STYLE = Automatic;
				DEVELOPMENT_TEAM = 6UHRW3D44Z;
				INFOPLIST_FILE = Emojinal/Info.plist;
				LD_RUNPATH_SEARCH_PATHS = (
					"$(inherited)",
					"@executable_path/Frameworks",
				);
				PRODUCT_BUNDLE_IDENTIFIER = KWK.Emojinal;
				PRODUCT_NAME = "$(TARGET_NAME)";
				SWIFT_VERSION = 5.0;
				TARGETED_DEVICE_FAMILY = "1,2";
			};
			name = Release;
		};
		33CB474222D7CD9B004E9A2F /* Debug */ = {
			isa = XCBuildConfiguration;
			buildSettings = {
				ALWAYS_EMBED_SWIFT_STANDARD_LIBRARIES = YES;
				BUNDLE_LOADER = "$(TEST_HOST)";
				CODE_SIGN_STYLE = Automatic;
				DEVELOPMENT_TEAM = 6UHRW3D44Z;
				INFOPLIST_FILE = EmojinalTests/Info.plist;
				LD_RUNPATH_SEARCH_PATHS = (
					"$(inherited)",
					"@executable_path/Frameworks",
					"@loader_path/Frameworks",
				);
				PRODUCT_BUNDLE_IDENTIFIER = KWK.EmojinalTests;
				PRODUCT_NAME = "$(TARGET_NAME)";
				SWIFT_VERSION = 5.0;
				TARGETED_DEVICE_FAMILY = "1,2";
				TEST_HOST = "$(BUILT_PRODUCTS_DIR)/Emojinal.app/Emojinal";
			};
			name = Debug;
		};
		33CB474322D7CD9B004E9A2F /* Release */ = {
			isa = XCBuildConfiguration;
			buildSettings = {
				ALWAYS_EMBED_SWIFT_STANDARD_LIBRARIES = YES;
				BUNDLE_LOADER = "$(TEST_HOST)";
				CODE_SIGN_STYLE = Automatic;
				DEVELOPMENT_TEAM = 6UHRW3D44Z;
				INFOPLIST_FILE = EmojinalTests/Info.plist;
				LD_RUNPATH_SEARCH_PATHS = (
					"$(inherited)",
					"@executable_path/Frameworks",
					"@loader_path/Frameworks",
				);
				PRODUCT_BUNDLE_IDENTIFIER = KWK.EmojinalTests;
				PRODUCT_NAME = "$(TARGET_NAME)";
				SWIFT_VERSION = 5.0;
				TARGETED_DEVICE_FAMILY = "1,2";
				TEST_HOST = "$(BUILT_PRODUCTS_DIR)/Emojinal.app/Emojinal";
			};
			name = Release;
		};
		33CB474522D7CD9B004E9A2F /* Debug */ = {
			isa = XCBuildConfiguration;
			buildSettings = {
				ALWAYS_EMBED_SWIFT_STANDARD_LIBRARIES = YES;
				CODE_SIGN_STYLE = Automatic;
				DEVELOPMENT_TEAM = 6UHRW3D44Z;
				INFOPLIST_FILE = EmojinalUITests/Info.plist;
				LD_RUNPATH_SEARCH_PATHS = (
					"$(inherited)",
					"@executable_path/Frameworks",
					"@loader_path/Frameworks",
				);
				PRODUCT_BUNDLE_IDENTIFIER = KWK.EmojinalUITests;
				PRODUCT_NAME = "$(TARGET_NAME)";
				SWIFT_VERSION = 5.0;
				TARGETED_DEVICE_FAMILY = "1,2";
				TEST_TARGET_NAME = Emojinal;
			};
			name = Debug;
		};
		33CB474622D7CD9B004E9A2F /* Release */ = {
			isa = XCBuildConfiguration;
			buildSettings = {
				ALWAYS_EMBED_SWIFT_STANDARD_LIBRARIES = YES;
				CODE_SIGN_STYLE = Automatic;
				DEVELOPMENT_TEAM = 6UHRW3D44Z;
				INFOPLIST_FILE = EmojinalUITests/Info.plist;
				LD_RUNPATH_SEARCH_PATHS = (
					"$(inherited)",
					"@executable_path/Frameworks",
					"@loader_path/Frameworks",
				);
				PRODUCT_BUNDLE_IDENTIFIER = KWK.EmojinalUITests;
				PRODUCT_NAME = "$(TARGET_NAME)";
				SWIFT_VERSION = 5.0;
				TARGETED_DEVICE_FAMILY = "1,2";
				TEST_TARGET_NAME = Emojinal;
			};
			name = Release;
		};
/* End XCBuildConfiguration section */

/* Begin XCConfigurationList section */
		33CB470E22D7CD9B004E9A2F /* Build configuration list for PBXProject "Emojinal" */ = {
			isa = XCConfigurationList;
			buildConfigurations = (
				33CB473C22D7CD9B004E9A2F /* Debug */,
				33CB473D22D7CD9B004E9A2F /* Release */,
			);
			defaultConfigurationIsVisible = 0;
			defaultConfigurationName = Release;
		};
		33CB473E22D7CD9B004E9A2F /* Build configuration list for PBXNativeTarget "Emojinal" */ = {
			isa = XCConfigurationList;
			buildConfigurations = (
				33CB473F22D7CD9B004E9A2F /* Debug */,
				33CB474022D7CD9B004E9A2F /* Release */,
			);
			defaultConfigurationIsVisible = 0;
			defaultConfigurationName = Release;
		};
		33CB474122D7CD9B004E9A2F /* Build configuration list for PBXNativeTarget "EmojinalTests" */ = {
			isa = XCConfigurationList;
			buildConfigurations = (
				33CB474222D7CD9B004E9A2F /* Debug */,
				33CB474322D7CD9B004E9A2F /* Release */,
			);
			defaultConfigurationIsVisible = 0;
			defaultConfigurationName = Release;
		};
		33CB474422D7CD9B004E9A2F /* Build configuration list for PBXNativeTarget "EmojinalUITests" */ = {
			isa = XCConfigurationList;
			buildConfigurations = (
				33CB474522D7CD9B004E9A2F /* Debug */,
				33CB474622D7CD9B004E9A2F /* Release */,
			);
			defaultConfigurationIsVisible = 0;
			defaultConfigurationName = Release;
		};
/* End XCConfigurationList section */

/* Begin XCVersionGroup section */
		33CB471D22D7CD9B004E9A2F /* Emojinal.xcdatamodeld */ = {
			isa = XCVersionGroup;
			children = (
				33CB471E22D7CD9B004E9A2F /* Emojinal.xcdatamodel */,
			);
			currentVersion = 33CB471E22D7CD9B004E9A2F /* Emojinal.xcdatamodel */;
			path = Emojinal.xcdatamodeld;
			sourceTree = "<group>";
			versionGroupType = wrapper.xcdatamodel;
		};
/* End XCVersionGroup section */
	};
	rootObject = 33CB470B22D7CD9B004E9A2F /* Project object */;
}
